
Microsoft Visual Studio Solution File, Format Version 12.00
# Visual Studio Version 17
VisualStudioVersion = 17.8.34511.84
MinimumVisualStudioVersion = 10.0.40219.1
Project("{FAE04EC0-301F-11D3-BF4B-00C04F79EFBC}") = "CavisProject.API", "CavisProject.API.csproj", "{CBD1D2E2-FC2F-4356-B923-B8274DE56F3F}"
EndProject
Global
	GlobalSection(SolutionConfigurationPlatforms) = preSolution
		Debug|Any CPU = Debug|Any CPU
		Release|Any CPU = Release|Any CPU
	EndGlobalSection
	GlobalSection(ProjectConfigurationPlatforms) = postSolution
		{CBD1D2E2-FC2F-4356-B923-B8274DE56F3F}.Debug|Any CPU.ActiveCfg = Debug|Any CPU
		{CBD1D2E2-FC2F-4356-B923-B8274DE56F3F}.Debug|Any CPU.Build.0 = Debug|Any CPU
		{CBD1D2E2-FC2F-4356-B923-B8274DE56F3F}.Release|Any CPU.ActiveCfg = Release|Any CPU
		{CBD1D2E2-FC2F-4356-B923-B8274DE56F3F}.Release|Any CPU.Build.0 = Release|Any CPU
	EndGlobalSection
	GlobalSection(SolutionProperties) = preSolution
		HideSolutionNode = FALSE
	EndGlobalSection
	GlobalSection(ExtensibilityGlobals) = postSolution
		SolutionGuid = {2C38AED4-C4DE-40B6-9D0B-629537322019}
	EndGlobalSection
EndGlobal
