
Microsoft Visual Studio Solution File, Format Version 12.00
# Visual Studio Version 17
VisualStudioVersion = 17.8.34511.84
MinimumVisualStudioVersion = 10.0.40219.1
Project("{9A19103F-16F7-4668-BE54-9A1E7A4F7556}") = "CavisProject.API", "CavisProject.API.csproj", "{CBD1D2E2-FC2F-4356-B923-B8274DE56F3F}"
EndProject
Project("{9A19103F-16F7-4668-BE54-9A1E7A4F7556}") = "CavisProject.Domain", "..\CavisProject.Domain\CavisProject.Domain.csproj", "{277D540D-E321-4C9F-AAE5-31738F6D8ED9}"
EndProject
Project("{9A19103F-16F7-4668-BE54-9A1E7A4F7556}") = "CavisProject.Infrastructures", "..\CavisProject.Infrastructures\CavisProject.Infrastructures.csproj", "{87371BC4-5496-4A50-AF9D-2CCBFD218CF3}"
EndProject
Project("{FAE04EC0-301F-11D3-BF4B-00C04F79EFBC}") = "CavisProject.Application", "..\CavisProject.Application\CavisProject.Application.csproj", "{264D562B-6619-457E-AB1B-2F290A79E2EC}"
EndProject
Global
	GlobalSection(SolutionConfigurationPlatforms) = preSolution
		Debug|Any CPU = Debug|Any CPU
		Release|Any CPU = Release|Any CPU
	EndGlobalSection
	GlobalSection(ProjectConfigurationPlatforms) = postSolution
		{CBD1D2E2-FC2F-4356-B923-B8274DE56F3F}.Debug|Any CPU.ActiveCfg = Debug|Any CPU
		{CBD1D2E2-FC2F-4356-B923-B8274DE56F3F}.Debug|Any CPU.Build.0 = Debug|Any CPU
		{CBD1D2E2-FC2F-4356-B923-B8274DE56F3F}.Release|Any CPU.ActiveCfg = Release|Any CPU
		{CBD1D2E2-FC2F-4356-B923-B8274DE56F3F}.Release|Any CPU.Build.0 = Release|Any CPU
		{277D540D-E321-4C9F-AAE5-31738F6D8ED9}.Debug|Any CPU.ActiveCfg = Debug|Any CPU
		{277D540D-E321-4C9F-AAE5-31738F6D8ED9}.Debug|Any CPU.Build.0 = Debug|Any CPU
		{277D540D-E321-4C9F-AAE5-31738F6D8ED9}.Release|Any CPU.ActiveCfg = Release|Any CPU
		{277D540D-E321-4C9F-AAE5-31738F6D8ED9}.Release|Any CPU.Build.0 = Release|Any CPU
		{87371BC4-5496-4A50-AF9D-2CCBFD218CF3}.Debug|Any CPU.ActiveCfg = Debug|Any CPU
		{87371BC4-5496-4A50-AF9D-2CCBFD218CF3}.Debug|Any CPU.Build.0 = Debug|Any CPU
		{87371BC4-5496-4A50-AF9D-2CCBFD218CF3}.Release|Any CPU.ActiveCfg = Release|Any CPU
		{87371BC4-5496-4A50-AF9D-2CCBFD218CF3}.Release|Any CPU.Build.0 = Release|Any CPU
		{264D562B-6619-457E-AB1B-2F290A79E2EC}.Debug|Any CPU.ActiveCfg = Debug|Any CPU
		{264D562B-6619-457E-AB1B-2F290A79E2EC}.Debug|Any CPU.Build.0 = Debug|Any CPU
		{264D562B-6619-457E-AB1B-2F290A79E2EC}.Release|Any CPU.ActiveCfg = Release|Any CPU
		{264D562B-6619-457E-AB1B-2F290A79E2EC}.Release|Any CPU.Build.0 = Release|Any CPU
	EndGlobalSection
	GlobalSection(SolutionProperties) = preSolution
		HideSolutionNode = FALSE
	EndGlobalSection
	GlobalSection(ExtensibilityGlobals) = postSolution
		SolutionGuid = {2C38AED4-C4DE-40B6-9D0B-629537322019}
	EndGlobalSection
EndGlobal
